
Microsoft Visual Studio Solution File, Format Version 12.00
# Visual Studio Version 16
VisualStudioVersion = 16.0.29230.47
MinimumVisualStudioVersion = 10.0.40219.1
Project("{FAE04EC0-301F-11D3-BF4B-00C04F79EFBC}") = "SuperHero", "SuperHero\SuperHero.csproj", "{DABF6551-711B-4E65-B9A7-8007EAC333DD}"
EndProject
Global
	GlobalSection(SolutionConfigurationPlatforms) = preSolution
		Debug|Any CPU = Debug|Any CPU
		Release|Any CPU = Release|Any CPU
	EndGlobalSection
	GlobalSection(ProjectConfigurationPlatforms) = postSolution
		{DABF6551-711B-4E65-B9A7-8007EAC333DD}.Debug|Any CPU.ActiveCfg = Debug|Any CPU
		{DABF6551-711B-4E65-B9A7-8007EAC333DD}.Debug|Any CPU.Build.0 = Debug|Any CPU
		{DABF6551-711B-4E65-B9A7-8007EAC333DD}.Release|Any CPU.ActiveCfg = Release|Any CPU
		{DABF6551-711B-4E65-B9A7-8007EAC333DD}.Release|Any CPU.Build.0 = Release|Any CPU
	EndGlobalSection
	GlobalSection(SolutionProperties) = preSolution
		HideSolutionNode = FALSE
	EndGlobalSection
	GlobalSection(ExtensibilityGlobals) = postSolution
		SolutionGuid = {08ED9205-2D65-409A-86F6-0B62625B0756}
	EndGlobalSection
EndGlobal
